// !$*UTF8*$!
{
	archiveVersion = 1;
	classes = {
	};
	objectVersion = 56;
	objects = {

/* Begin PBXBuildFile section */
		B479B7D0291DFB6F00C55DCC /* SwiftUI_NotificationBanner_ExampleApp.swift in Sources */ = {isa = PBXBuildFile; fileRef = B479B7CF291DFB6F00C55DCC /* SwiftUI_NotificationBanner_ExampleApp.swift */; };
		B479B7D2291DFB6F00C55DCC /* RootView.swift in Sources */ = {isa = PBXBuildFile; fileRef = B479B7D1291DFB6F00C55DCC /* RootView.swift */; };
		B479B7D4291DFB7200C55DCC /* Assets.xcassets in Resources */ = {isa = PBXBuildFile; fileRef = B479B7D3291DFB7200C55DCC /* Assets.xcassets */; };
		B479B7D7291DFB7200C55DCC /* Preview Assets.xcassets in Resources */ = {isa = PBXBuildFile; fileRef = B479B7D6291DFB7200C55DCC /* Preview Assets.xcassets */; };
		B479B7E1291DFB9E00C55DCC /* SwiftUI_NotificationBanner in Frameworks */ = {isa = PBXBuildFile; productRef = B479B7E0291DFB9E00C55DCC /* SwiftUI_NotificationBanner */; };
		B479B7E6292224FA00C55DCC /* NotificationRootView.swift in Sources */ = {isa = PBXBuildFile; fileRef = B479B7E5292224FA00C55DCC /* NotificationRootView.swift */; };
		B479B7E829223B7500C55DCC /* AppDelegate.swift in Sources */ = {isa = PBXBuildFile; fileRef = B479B7E729223B7500C55DCC /* AppDelegate.swift */; };
		B479B7EA29223BB200C55DCC /* SceneDelegate.swift in Sources */ = {isa = PBXBuildFile; fileRef = B479B7E929223BB200C55DCC /* SceneDelegate.swift */; };
/* End PBXBuildFile section */

/* Begin PBXFileReference section */
		B479B7CC291DFB6F00C55DCC /* SwiftUI_NotificationBanner_Example.app */ = {isa = PBXFileReference; explicitFileType = wrapper.application; includeInIndex = 0; path = SwiftUI_NotificationBanner_Example.app; sourceTree = BUILT_PRODUCTS_DIR; };
		B479B7CF291DFB6F00C55DCC /* SwiftUI_NotificationBanner_ExampleApp.swift */ = {isa = PBXFileReference; lastKnownFileType = sourcecode.swift; path = SwiftUI_NotificationBanner_ExampleApp.swift; sourceTree = "<group>"; };
		B479B7D1291DFB6F00C55DCC /* RootView.swift */ = {isa = PBXFileReference; lastKnownFileType = sourcecode.swift; path = RootView.swift; sourceTree = "<group>"; };
		B479B7D3291DFB7200C55DCC /* Assets.xcassets */ = {isa = PBXFileReference; lastKnownFileType = folder.assetcatalog; path = Assets.xcassets; sourceTree = "<group>"; };
		B479B7D6291DFB7200C55DCC /* Preview Assets.xcassets */ = {isa = PBXFileReference; lastKnownFileType = folder.assetcatalog; path = "Preview Assets.xcassets"; sourceTree = "<group>"; };
		B479B7DE291DFB9200C55DCC /* SwiftUI_NotificationBanner */ = {isa = PBXFileReference; lastKnownFileType = wrapper; name = SwiftUI_NotificationBanner; path = ..; sourceTree = "<group>"; };
		B479B7E5292224FA00C55DCC /* NotificationRootView.swift */ = {isa = PBXFileReference; lastKnownFileType = sourcecode.swift; path = NotificationRootView.swift; sourceTree = "<group>"; };
		B479B7E729223B7500C55DCC /* AppDelegate.swift */ = {isa = PBXFileReference; lastKnownFileType = sourcecode.swift; path = AppDelegate.swift; sourceTree = "<group>"; };
		B479B7E929223BB200C55DCC /* SceneDelegate.swift */ = {isa = PBXFileReference; lastKnownFileType = sourcecode.swift; path = SceneDelegate.swift; sourceTree = "<group>"; };
/* End PBXFileReference section */

/* Begin PBXFrameworksBuildPhase section */
		B479B7C9291DFB6F00C55DCC /* Frameworks */ = {
			isa = PBXFrameworksBuildPhase;
			buildActionMask = 2147483647;
			files = (
				B479B7E1291DFB9E00C55DCC /* SwiftUI_NotificationBanner in Frameworks */,
			);
			runOnlyForDeploymentPostprocessing = 0;
		};
/* End PBXFrameworksBuildPhase section */

/* Begin PBXGroup section */
		B479B7C3291DFB6F00C55DCC = {
			isa = PBXGroup;
			children = (
				B479B7DD291DFB9200C55DCC /* Packages */,
				B479B7CE291DFB6F00C55DCC /* SwiftUI_NotificationBanner_Example */,
				B479B7CD291DFB6F00C55DCC /* Products */,
				B479B7DF291DFB9E00C55DCC /* Frameworks */,
			);
			sourceTree = "<group>";
		};
		B479B7CD291DFB6F00C55DCC /* Products */ = {
			isa = PBXGroup;
			children = (
				B479B7CC291DFB6F00C55DCC /* SwiftUI_NotificationBanner_Example.app */,
			);
			name = Products;
			sourceTree = "<group>";
		};
		B479B7CE291DFB6F00C55DCC /* SwiftUI_NotificationBanner_Example */ = {
			isa = PBXGroup;
			children = (
				B479B7CF291DFB6F00C55DCC /* SwiftUI_NotificationBanner_ExampleApp.swift */,
				B479B7E729223B7500C55DCC /* AppDelegate.swift */,
				B479B7E929223BB200C55DCC /* SceneDelegate.swift */,
				B479B7E5292224FA00C55DCC /* NotificationRootView.swift */,
				B479B7D1291DFB6F00C55DCC /* RootView.swift */,
				B479B7D3291DFB7200C55DCC /* Assets.xcassets */,
				B479B7D5291DFB7200C55DCC /* Preview Content */,
			);
			path = SwiftUI_NotificationBanner_Example;
			sourceTree = "<group>";
		};
		B479B7D5291DFB7200C55DCC /* Preview Content */ = {
			isa = PBXGroup;
			children = (
				B479B7D6291DFB7200C55DCC /* Preview Assets.xcassets */,
			);
			path = "Preview Content";
			sourceTree = "<group>";
		};
		B479B7DD291DFB9200C55DCC /* Packages */ = {
			isa = PBXGroup;
			children = (
				B479B7DE291DFB9200C55DCC /* SwiftUI_NotificationBanner */,
			);
			name = Packages;
			sourceTree = "<group>";
		};
		B479B7DF291DFB9E00C55DCC /* Frameworks */ = {
			isa = PBXGroup;
			children = (
			);
			name = Frameworks;
			sourceTree = "<group>";
		};
/* End PBXGroup section */

/* Begin PBXNativeTarget section */
		B479B7CB291DFB6F00C55DCC /* SwiftUI_NotificationBanner_Example */ = {
			isa = PBXNativeTarget;
			buildConfigurationList = B479B7DA291DFB7200C55DCC /* Build configuration list for PBXNativeTarget "SwiftUI_NotificationBanner_Example" */;
			buildPhases = (
				B479B7C8291DFB6F00C55DCC /* Sources */,
				B479B7C9291DFB6F00C55DCC /* Frameworks */,
				B479B7CA291DFB6F00C55DCC /* Resources */,
			);
			buildRules = (
			);
			dependencies = (
			);
			name = SwiftUI_NotificationBanner_Example;
			packageProductDependencies = (
				B479B7E0291DFB9E00C55DCC /* SwiftUI_NotificationBanner */,
			);
			productName = SwiftUI_NotificationBanner_Example;
			productReference = B479B7CC291DFB6F00C55DCC /* SwiftUI_NotificationBanner_Example.app */;
			productType = "com.apple.product-type.application";
		};
/* End PBXNativeTarget section */

/* Begin PBXProject section */
		B479B7C4291DFB6F00C55DCC /* Project object */ = {
			isa = PBXProject;
			attributes = {
				BuildIndependentTargetsInParallel = 1;
				LastSwiftUpdateCheck = 1400;
				LastUpgradeCheck = 1400;
				TargetAttributes = {
					B479B7CB291DFB6F00C55DCC = {
						CreatedOnToolsVersion = 14.0.1;
					};
				};
			};
			buildConfigurationList = B479B7C7291DFB6F00C55DCC /* Build configuration list for PBXProject "SwiftUI_NotificationBanner_Example" */;
			compatibilityVersion = "Xcode 14.0";
			developmentRegion = en;
			hasScannedForEncodings = 0;
			knownRegions = (
				en,
				Base,
			);
			mainGroup = B479B7C3291DFB6F00C55DCC;
			productRefGroup = B479B7CD291DFB6F00C55DCC /* Products */;
			projectDirPath = "";
			projectRoot = "";
			targets = (
				B479B7CB291DFB6F00C55DCC /* SwiftUI_NotificationBanner_Example */,
			);
		};
/* End PBXProject section */

/* Begin PBXResourcesBuildPhase section */
		B479B7CA291DFB6F00C55DCC /* Resources */ = {
			isa = PBXResourcesBuildPhase;
			buildActionMask = 2147483647;
			files = (
				B479B7D7291DFB7200C55DCC /* Preview Assets.xcassets in Resources */,
				B479B7D4291DFB7200C55DCC /* Assets.xcassets in Resources */,
			);
			runOnlyForDeploymentPostprocessing = 0;
		};
/* End PBXResourcesBuildPhase section */

/* Begin PBXSourcesBuildPhase section */
		B479B7C8291DFB6F00C55DCC /* Sources */ = {
			isa = PBXSourcesBuildPhase;
			buildActionMask = 2147483647;
			files = (
				B479B7EA29223BB200C55DCC /* SceneDelegate.swift in Sources */,
				B479B7E829223B7500C55DCC /* AppDelegate.swift in Sources */,
				B479B7E6292224FA00C55DCC /* NotificationRootView.swift in Sources */,
				B479B7D2291DFB6F00C55DCC /* RootView.swift in Sources */,
				B479B7D0291DFB6F00C55DCC /* SwiftUI_NotificationBanner_ExampleApp.swift in Sources */,
			);
			runOnlyForDeploymentPostprocessing = 0;
		};
/* End PBXSourcesBuildPhase section */

/* Begin XCBuildConfiguration section */
		B479B7D8291DFB7200C55DCC /* Debug */ = {
			isa = XCBuildConfiguration;
			buildSettings = {
				ALWAYS_SEARCH_USER_PATHS = NO;
				CLANG_ANALYZER_NONNULL = YES;
				CLANG_ANALYZER_NUMBER_OBJECT_CONVERSION = YES_AGGRESSIVE;
				CLANG_CXX_LANGUAGE_STANDARD = "gnu++20";
				CLANG_ENABLE_MODULES = YES;
				CLANG_ENABLE_OBJC_ARC = YES;
				CLANG_ENABLE_OBJC_WEAK = YES;
				CLANG_WARN_BLOCK_CAPTURE_AUTORELEASING = YES;
				CLANG_WARN_BOOL_CONVERSION = YES;
				CLANG_WARN_COMMA = YES;
				CLANG_WARN_CONSTANT_CONVERSION = YES;
				CLANG_WARN_DEPRECATED_OBJC_IMPLEMENTATIONS = YES;
				CLANG_WARN_DIRECT_OBJC_ISA_USAGE = YES_ERROR;
				CLANG_WARN_DOCUMENTATION_COMMENTS = YES;
				CLANG_WARN_EMPTY_BODY = YES;
				CLANG_WARN_ENUM_CONVERSION = YES;
				CLANG_WARN_INFINITE_RECURSION = YES;
				CLANG_WARN_INT_CONVERSION = YES;
				CLANG_WARN_NON_LITERAL_NULL_CONVERSION = YES;
				CLANG_WARN_OBJC_IMPLICIT_RETAIN_SELF = YES;
				CLANG_WARN_OBJC_LITERAL_CONVERSION = YES;
				CLANG_WARN_OBJC_ROOT_CLASS = YES_ERROR;
				CLANG_WARN_QUOTED_INCLUDE_IN_FRAMEWORK_HEADER = YES;
				CLANG_WARN_RANGE_LOOP_ANALYSIS = YES;
				CLANG_WARN_STRICT_PROTOTYPES = YES;
				CLANG_WARN_SUSPICIOUS_MOVE = YES;
				CLANG_WARN_UNGUARDED_AVAILABILITY = YES_AGGRESSIVE;
				CLANG_WARN_UNREACHABLE_CODE = YES;
				CLANG_WARN__DUPLICATE_METHOD_MATCH = YES;
				COPY_PHASE_STRIP = NO;
				DEBUG_INFORMATION_FORMAT = dwarf;
				ENABLE_STRICT_OBJC_MSGSEND = YES;
				ENABLE_TESTABILITY = YES;
				GCC_C_LANGUAGE_STANDARD = gnu11;
				GCC_DYNAMIC_NO_PIC = NO;
				GCC_NO_COMMON_BLOCKS = YES;
				GCC_OPTIMIZATION_LEVEL = 0;
				GCC_PREPROCESSOR_DEFINITIONS = (
					"DEBUG=1",
					"$(inherited)",
				);
				GCC_WARN_64_TO_32_BIT_CONVERSION = YES;
				GCC_WARN_ABOUT_RETURN_TYPE = YES_ERROR;
				GCC_WARN_UNDECLARED_SELECTOR = YES;
				GCC_WARN_UNINITIALIZED_AUTOS = YES_AGGRESSIVE;
				GCC_WARN_UNUSED_FUNCTION = YES;
				GCC_WARN_UNUSED_VARIABLE = YES;
				IPHONEOS_DEPLOYMENT_TARGET = 16.0;
				MTL_ENABLE_DEBUG_INFO = INCLUDE_SOURCE;
				MTL_FAST_MATH = YES;
				ONLY_ACTIVE_ARCH = YES;
				SDKROOT = iphoneos;
				SWIFT_ACTIVE_COMPILATION_CONDITIONS = DEBUG;
				SWIFT_OPTIMIZATION_LEVEL = "-Onone";
			};
			name = Debug;
		};
		B479B7D9291DFB7200C55DCC /* Release */ = {
			isa = XCBuildConfiguration;
			buildSettings = {
				ALWAYS_SEARCH_USER_PATHS = NO;
				CLANG_ANALYZER_NONNULL = YES;
				CLANG_ANALYZER_NUMBER_OBJECT_CONVERSION = YES_AGGRESSIVE;
				CLANG_CXX_LANGUAGE_STANDARD = "gnu++20";
				CLANG_ENABLE_MODULES = YES;
				CLANG_ENABLE_OBJC_ARC = YES;
				CLANG_ENABLE_OBJC_WEAK = YES;
				CLANG_WARN_BLOCK_CAPTURE_AUTORELEASING = YES;
				CLANG_WARN_BOOL_CONVERSION = YES;
				CLANG_WARN_COMMA = YES;
				CLANG_WARN_CONSTANT_CONVERSION = YES;
				CLANG_WARN_DEPRECATED_OBJC_IMPLEMENTATIONS = YES;
				CLANG_WARN_DIRECT_OBJC_ISA_USAGE = YES_ERROR;
				CLANG_WARN_DOCUMENTATION_COMMENTS = YES;
				CLANG_WARN_EMPTY_BODY = YES;
				CLANG_WARN_ENUM_CONVERSION = YES;
				CLANG_WARN_INFINITE_RECURSION = YES;
				CLANG_WARN_INT_CONVERSION = YES;
				CLANG_WARN_NON_LITERAL_NULL_CONVERSION = YES;
				CLANG_WARN_OBJC_IMPLICIT_RETAIN_SELF = YES;
				CLANG_WARN_OBJC_LITERAL_CONVERSION = YES;
				CLANG_WARN_OBJC_ROOT_CLASS = YES_ERROR;
				CLANG_WARN_QUOTED_INCLUDE_IN_FRAMEWORK_HEADER = YES;
				CLANG_WARN_RANGE_LOOP_ANALYSIS = YES;
				CLANG_WARN_STRICT_PROTOTYPES = YES;
				CLANG_WARN_SUSPICIOUS_MOVE = YES;
				CLANG_WARN_UNGUARDED_AVAILABILITY = YES_AGGRESSIVE;
				CLANG_WARN_UNREACHABLE_CODE = YES;
				CLANG_WARN__DUPLICATE_METHOD_MATCH = YES;
				COPY_PHASE_STRIP = NO;
				DEBUG_INFORMATION_FORMAT = "dwarf-with-dsym";
				ENABLE_NS_ASSERTIONS = NO;
				ENABLE_STRICT_OBJC_MSGSEND = YES;
				GCC_C_LANGUAGE_STANDARD = gnu11;
				GCC_NO_COMMON_BLOCKS = YES;
				GCC_WARN_64_TO_32_BIT_CONVERSION = YES;
				GCC_WARN_ABOUT_RETURN_TYPE = YES_ERROR;
				GCC_WARN_UNDECLARED_SELECTOR = YES;
				GCC_WARN_UNINITIALIZED_AUTOS = YES_AGGRESSIVE;
				GCC_WARN_UNUSED_FUNCTION = YES;
				GCC_WARN_UNUSED_VARIABLE = YES;
				IPHONEOS_DEPLOYMENT_TARGET = 16.0;
				MTL_ENABLE_DEBUG_INFO = NO;
				MTL_FAST_MATH = YES;
				SDKROOT = iphoneos;
				SWIFT_COMPILATION_MODE = wholemodule;
				SWIFT_OPTIMIZATION_LEVEL = "-O";
				VALIDATE_PRODUCT = YES;
			};
			name = Release;
		};
		B479B7DB291DFB7200C55DCC /* Debug */ = {
			isa = XCBuildConfiguration;
			buildSettings = {
				ASSETCATALOG_COMPILER_APPICON_NAME = AppIcon;
				ASSETCATALOG_COMPILER_GLOBAL_ACCENT_COLOR_NAME = AccentColor;
				CODE_SIGN_STYLE = Automatic;
				CURRENT_PROJECT_VERSION = 1;
				DEVELOPMENT_ASSET_PATHS = "\"SwiftUI_NotificationBanner_Example/Preview Content\"";
				DEVELOPMENT_TEAM = 76FXG652LY;
				ENABLE_PREVIEWS = YES;
				GENERATE_INFOPLIST_FILE = YES;
				INFOPLIST_KEY_UIApplicationSceneManifest_Generation = YES;
				INFOPLIST_KEY_UIApplicationSupportsIndirectInputEvents = YES;
				INFOPLIST_KEY_UILaunchScreen_Generation = YES;
				INFOPLIST_KEY_UISupportedInterfaceOrientations_iPad = "UIInterfaceOrientationPortrait UIInterfaceOrientationPortraitUpsideDown UIInterfaceOrientationLandscapeLeft UIInterfaceOrientationLandscapeRight";
				INFOPLIST_KEY_UISupportedInterfaceOrientations_iPhone = "UIInterfaceOrientationPortrait UIInterfaceOrientationLandscapeLeft UIInterfaceOrientationLandscapeRight";
				LD_RUNPATH_SEARCH_PATHS = (
					"$(inherited)",
					"@executable_path/Frameworks",
				);
				MARKETING_VERSION = 1.0;
				PRODUCT_BUNDLE_IDENTIFIER = "me.duoyun.SwiftUI-NotificationBanner-Example";
				PRODUCT_NAME = "$(TARGET_NAME)";
				SWIFT_EMIT_LOC_STRINGS = YES;
				SWIFT_VERSION = 5.0;
				TARGETED_DEVICE_FAMILY = "1,2";
			};
			name = Debug;
		};
		B479B7DC291DFB7200C55DCC /* Release */ = {
			isa = XCBuildConfiguration;
			buildSettings = {
				ASSETCATALOG_COMPILER_APPICON_NAME = AppIcon;
				ASSETCATALOG_COMPILER_GLOBAL_ACCENT_COLOR_NAME = AccentColor;
				CODE_SIGN_STYLE = Automatic;
				CURRENT_PROJECT_VERSION = 1;
				DEVELOPMENT_ASSET_PATHS = "\"SwiftUI_NotificationBanner_Example/Preview Content\"";
				DEVELOPMENT_TEAM = 76FXG652LY;
				ENABLE_PREVIEWS = YES;
				GENERATE_INFOPLIST_FILE = YES;
				INFOPLIST_KEY_UIApplicationSceneManifest_Generation = YES;
				INFOPLIST_KEY_UIApplicationSupportsIndirectInputEvents = YES;
				INFOPLIST_KEY_UILaunchScreen_Generation = YES;
				INFOPLIST_KEY_UISupportedInterfaceOrientations_iPad = "UIInterfaceOrientationPortrait UIInterfaceOrientationPortraitUpsideDown UIInterfaceOrientationLandscapeLeft UIInterfaceOrientationLandscapeRight";
				INFOPLIST_KEY_UISupportedInterfaceOrientations_iPhone = "UIInterfaceOrientationPortrait UIInterfaceOrientationLandscapeLeft UIInterfaceOrientationLandscapeRight";
				LD_RUNPATH_SEARCH_PATHS = (
					"$(inherited)",
					"@executable_path/Frameworks",
				);
				MARKETING_VERSION = 1.0;
				PRODUCT_BUNDLE_IDENTIFIER = "me.duoyun.SwiftUI-NotificationBanner-Example";
				PRODUCT_NAME = "$(TARGET_NAME)";
				SWIFT_EMIT_LOC_STRINGS = YES;
				SWIFT_VERSION = 5.0;
				TARGETED_DEVICE_FAMILY = "1,2";
			};
			name = Release;
		};
/* End XCBuildConfiguration section */

/* Begin XCConfigurationList section */
		B479B7C7291DFB6F00C55DCC /* Build configuration list for PBXProject "SwiftUI_NotificationBanner_Example" */ = {
			isa = XCConfigurationList;
			buildConfigurations = (
				B479B7D8291DFB7200C55DCC /* Debug */,
				B479B7D9291DFB7200C55DCC /* Release */,
			);
			defaultConfigurationIsVisible = 0;
			defaultConfigurationName = Release;
		};
		B479B7DA291DFB7200C55DCC /* Build configuration list for PBXNativeTarget "SwiftUI_NotificationBanner_Example" */ = {
			isa = XCConfigurationList;
			buildConfigurations = (
				B479B7DB291DFB7200C55DCC /* Debug */,
				B479B7DC291DFB7200C55DCC /* Release */,
			);
			defaultConfigurationIsVisible = 0;
			defaultConfigurationName = Release;
		};
/* End XCConfigurationList section */

/* Begin XCSwiftPackageProductDependency section */
		B479B7E0291DFB9E00C55DCC /* SwiftUI_NotificationBanner */ = {
			isa = XCSwiftPackageProductDependency;
			productName = SwiftUI_NotificationBanner;
		};
/* End XCSwiftPackageProductDependency section */
	};
	rootObject = B479B7C4291DFB6F00C55DCC /* Project object */;
}
